
Microsoft Visual Studio Solution File, Format Version 12.00
# Visual Studio Version 17
VisualStudioVersion = 17.8.34316.72
MinimumVisualStudioVersion = 10.0.40219.1
Project("{9A19103F-16F7-4668-BE54-9A1E7A4F7556}") = "User.Domain", "User.Domain\User.Domain.csproj", "{9C530AED-AD32-4AB2-8A6D-9A90331B2F81}"
EndProject
Project("{9A19103F-16F7-4668-BE54-9A1E7A4F7556}") = "User.Application", "User.Application\User.Application.csproj", "{D7B2B0B8-2E16-44BD-82DE-C0BEE79D81D1}"
EndProject
Project("{9A19103F-16F7-4668-BE54-9A1E7A4F7556}") = "User.Infrastructure", "User.Infrastructure\User.Infrastructure.csproj", "{2ABC8BC3-4AD0-44BE-A238-93B0BACD8CD5}"
EndProject
Project("{9A19103F-16F7-4668-BE54-9A1E7A4F7556}") = "User.API", "User.API\User.API.csproj", "{C05A6474-F524-4CBA-B652-77C714B1A550}"
EndProject
Project("{FAE04EC0-301F-11D3-BF4B-00C04F79EFBC}") = "ApiGateawayOcelot", "ApiGateawayOcelot\ApiGateawayOcelot.csproj", "{9A557DAE-9DA0-429A-896D-B92E271AA58E}"
EndProject
Global
	GlobalSection(SolutionConfigurationPlatforms) = preSolution
		Debug|Any CPU = Debug|Any CPU
		Release|Any CPU = Release|Any CPU
	EndGlobalSection
	GlobalSection(ProjectConfigurationPlatforms) = postSolution
		{9C530AED-AD32-4AB2-8A6D-9A90331B2F81}.Debug|Any CPU.ActiveCfg = Debug|Any CPU
		{9C530AED-AD32-4AB2-8A6D-9A90331B2F81}.Debug|Any CPU.Build.0 = Debug|Any CPU
		{9C530AED-AD32-4AB2-8A6D-9A90331B2F81}.Release|Any CPU.ActiveCfg = Release|Any CPU
		{9C530AED-AD32-4AB2-8A6D-9A90331B2F81}.Release|Any CPU.Build.0 = Release|Any CPU
		{D7B2B0B8-2E16-44BD-82DE-C0BEE79D81D1}.Debug|Any CPU.ActiveCfg = Debug|Any CPU
		{D7B2B0B8-2E16-44BD-82DE-C0BEE79D81D1}.Debug|Any CPU.Build.0 = Debug|Any CPU
		{D7B2B0B8-2E16-44BD-82DE-C0BEE79D81D1}.Release|Any CPU.ActiveCfg = Release|Any CPU
		{D7B2B0B8-2E16-44BD-82DE-C0BEE79D81D1}.Release|Any CPU.Build.0 = Release|Any CPU
		{2ABC8BC3-4AD0-44BE-A238-93B0BACD8CD5}.Debug|Any CPU.ActiveCfg = Debug|Any CPU
		{2ABC8BC3-4AD0-44BE-A238-93B0BACD8CD5}.Debug|Any CPU.Build.0 = Debug|Any CPU
		{2ABC8BC3-4AD0-44BE-A238-93B0BACD8CD5}.Release|Any CPU.ActiveCfg = Release|Any CPU
		{2ABC8BC3-4AD0-44BE-A238-93B0BACD8CD5}.Release|Any CPU.Build.0 = Release|Any CPU
		{C05A6474-F524-4CBA-B652-77C714B1A550}.Debug|Any CPU.ActiveCfg = Debug|Any CPU
		{C05A6474-F524-4CBA-B652-77C714B1A550}.Debug|Any CPU.Build.0 = Debug|Any CPU
		{C05A6474-F524-4CBA-B652-77C714B1A550}.Release|Any CPU.ActiveCfg = Release|Any CPU
		{C05A6474-F524-4CBA-B652-77C714B1A550}.Release|Any CPU.Build.0 = Release|Any CPU
		{9A557DAE-9DA0-429A-896D-B92E271AA58E}.Debug|Any CPU.ActiveCfg = Debug|Any CPU
		{9A557DAE-9DA0-429A-896D-B92E271AA58E}.Debug|Any CPU.Build.0 = Debug|Any CPU
		{9A557DAE-9DA0-429A-896D-B92E271AA58E}.Release|Any CPU.ActiveCfg = Release|Any CPU
		{9A557DAE-9DA0-429A-896D-B92E271AA58E}.Release|Any CPU.Build.0 = Release|Any CPU
	EndGlobalSection
	GlobalSection(SolutionProperties) = preSolution
		HideSolutionNode = FALSE
	EndGlobalSection
	GlobalSection(ExtensibilityGlobals) = postSolution
		SolutionGuid = {91E3E439-78AD-4C55-85AE-61C7F8CD4AA3}
	EndGlobalSection
EndGlobal
